// !$*UTF8*$!
{
	archiveVersion = 1;
	classes = {
	};
	objectVersion = 46;
	objects = {

/* Begin PBXBuildFile section */
		5F059FB21D3DC8D700D61D21 /* IndexVC.m in Sources */ = {isa = PBXBuildFile; fileRef = 5F059FB11D3DC8D700D61D21 /* IndexVC.m */; };
		5F059FB51D3DCB7300D61D21 /* AutolayoutSubviewsVC.m in Sources */ = {isa = PBXBuildFile; fileRef = 5F059FB41D3DCB7300D61D21 /* AutolayoutSubviewsVC.m */; };
		5F059FB81D3DCB8200D61D21 /* AutolayoutSplitVC.m in Sources */ = {isa = PBXBuildFile; fileRef = 5F059FB71D3DCB8200D61D21 /* AutolayoutSplitVC.m */; };
		5F059FBB1D3DCBFB00D61D21 /* AutolayoutMultiplierVC.m in Sources */ = {isa = PBXBuildFile; fileRef = 5F059FBA1D3DCBFB00D61D21 /* AutolayoutMultiplierVC.m */; };
		5F059FBE1D3DCC2F00D61D21 /* CodeVC.m in Sources */ = {isa = PBXBuildFile; fileRef = 5F059FBD1D3DCC2F00D61D21 /* CodeVC.m */; };
		5F059FC11D3DCCB400D61D21 /* AutolayoutCommonVC.m in Sources */ = {isa = PBXBuildFile; fileRef = 5F059FC01D3DCCB300D61D21 /* AutolayoutCommonVC.m */; };
		9758A68A1D3DC39500D30D24 /* main.m in Sources */ = {isa = PBXBuildFile; fileRef = 9758A6891D3DC39500D30D24 /* main.m */; };
		9758A68D1D3DC39500D30D24 /* AppDelegate.m in Sources */ = {isa = PBXBuildFile; fileRef = 9758A68C1D3DC39500D30D24 /* AppDelegate.m */; };
		9758A6931D3DC39500D30D24 /* Main.storyboard in Resources */ = {isa = PBXBuildFile; fileRef = 9758A6911D3DC39500D30D24 /* Main.storyboard */; };
		9758A6951D3DC39500D30D24 /* Assets.xcassets in Resources */ = {isa = PBXBuildFile; fileRef = 9758A6941D3DC39500D30D24 /* Assets.xcassets */; };
		9758A6981D3DC39500D30D24 /* LaunchScreen.storyboard in Resources */ = {isa = PBXBuildFile; fileRef = 9758A6961D3DC39500D30D24 /* LaunchScreen.storyboard */; };
/* End PBXBuildFile section */

/* Begin PBXFileReference section */
		5F059FB01D3DC8D700D61D21 /* IndexVC.h */ = {isa = PBXFileReference; fileEncoding = 4; lastKnownFileType = sourcecode.c.h; path = IndexVC.h; sourceTree = "<group>"; };
		5F059FB11D3DC8D700D61D21 /* IndexVC.m */ = {isa = PBXFileReference; fileEncoding = 4; lastKnownFileType = sourcecode.c.objc; path = IndexVC.m; sourceTree = "<group>"; };
		5F059FB31D3DCB7300D61D21 /* AutolayoutSubviewsVC.h */ = {isa = PBXFileReference; fileEncoding = 4; lastKnownFileType = sourcecode.c.h; path = AutolayoutSubviewsVC.h; sourceTree = "<group>"; };
		5F059FB41D3DCB7300D61D21 /* AutolayoutSubviewsVC.m */ = {isa = PBXFileReference; fileEncoding = 4; lastKnownFileType = sourcecode.c.objc; path = AutolayoutSubviewsVC.m; sourceTree = "<group>"; };
		5F059FB61D3DCB8200D61D21 /* AutolayoutSplitVC.h */ = {isa = PBXFileReference; fileEncoding = 4; lastKnownFileType = sourcecode.c.h; path = AutolayoutSplitVC.h; sourceTree = "<group>"; };
		5F059FB71D3DCB8200D61D21 /* AutolayoutSplitVC.m */ = {isa = PBXFileReference; fileEncoding = 4; lastKnownFileType = sourcecode.c.objc; path = AutolayoutSplitVC.m; sourceTree = "<group>"; };
		5F059FB91D3DCBFB00D61D21 /* AutolayoutMultiplierVC.h */ = {isa = PBXFileReference; fileEncoding = 4; lastKnownFileType = sourcecode.c.h; path = AutolayoutMultiplierVC.h; sourceTree = "<group>"; };
		5F059FBA1D3DCBFB00D61D21 /* AutolayoutMultiplierVC.m */ = {isa = PBXFileReference; fileEncoding = 4; lastKnownFileType = sourcecode.c.objc; path = AutolayoutMultiplierVC.m; sourceTree = "<group>"; };
		5F059FBC1D3DCC2F00D61D21 /* CodeVC.h */ = {isa = PBXFileReference; fileEncoding = 4; lastKnownFileType = sourcecode.c.h; path = CodeVC.h; sourceTree = "<group>"; };
		5F059FBD1D3DCC2F00D61D21 /* CodeVC.m */ = {isa = PBXFileReference; fileEncoding = 4; lastKnownFileType = sourcecode.c.objc; path = CodeVC.m; sourceTree = "<group>"; };
		5F059FBF1D3DCCB300D61D21 /* AutolayoutCommonVC.h */ = {isa = PBXFileReference; fileEncoding = 4; lastKnownFileType = sourcecode.c.h; path = AutolayoutCommonVC.h; sourceTree = "<group>"; };
		5F059FC01D3DCCB300D61D21 /* AutolayoutCommonVC.m */ = {isa = PBXFileReference; fileEncoding = 4; lastKnownFileType = sourcecode.c.objc; path = AutolayoutCommonVC.m; sourceTree = "<group>"; };
		9758A6851D3DC39500D30D24 /* DRJScreenAdaptationDemo.app */ = {isa = PBXFileReference; explicitFileType = wrapper.application; includeInIndex = 0; path = DRJScreenAdaptationDemo.app; sourceTree = BUILT_PRODUCTS_DIR; };
		9758A6891D3DC39500D30D24 /* main.m */ = {isa = PBXFileReference; lastKnownFileType = sourcecode.c.objc; path = main.m; sourceTree = "<group>"; };
		9758A68B1D3DC39500D30D24 /* AppDelegate.h */ = {isa = PBXFileReference; lastKnownFileType = sourcecode.c.h; path = AppDelegate.h; sourceTree = "<group>"; };
		9758A68C1D3DC39500D30D24 /* AppDelegate.m */ = {isa = PBXFileReference; lastKnownFileType = sourcecode.c.objc; path = AppDelegate.m; sourceTree = "<group>"; };
		9758A6921D3DC39500D30D24 /* Base */ = {isa = PBXFileReference; lastKnownFileType = file.storyboard; name = Base; path = Base.lproj/Main.storyboard; sourceTree = "<group>"; };
		9758A6941D3DC39500D30D24 /* Assets.xcassets */ = {isa = PBXFileReference; lastKnownFileType = folder.assetcatalog; path = Assets.xcassets; sourceTree = "<group>"; };
		9758A6971D3DC39500D30D24 /* Base */ = {isa = PBXFileReference; lastKnownFileType = file.storyboard; name = Base; path = Base.lproj/LaunchScreen.storyboard; sourceTree = "<group>"; };
		9758A6991D3DC39500D30D24 /* Info.plist */ = {isa = PBXFileReference; lastKnownFileType = text.plist.xml; path = Info.plist; sourceTree = "<group>"; };
/* End PBXFileReference section */

/* Begin PBXFrameworksBuildPhase section */
		9758A6821D3DC39500D30D24 /* Frameworks */ = {
			isa = PBXFrameworksBuildPhase;
			buildActionMask = 2147483647;
			files = (
			);
			runOnlyForDeploymentPostprocessing = 0;
		};
/* End PBXFrameworksBuildPhase section */

/* Begin PBXGroup section */
		9758A67C1D3DC39500D30D24 = {
			isa = PBXGroup;
			children = (
				9758A6871D3DC39500D30D24 /* DRJScreenAdaptationDemo */,
				9758A6861D3DC39500D30D24 /* Products */,
			);
			sourceTree = "<group>";
		};
		9758A6861D3DC39500D30D24 /* Products */ = {
			isa = PBXGroup;
			children = (
				9758A6851D3DC39500D30D24 /* DRJScreenAdaptationDemo.app */,
			);
			name = Products;
			sourceTree = "<group>";
		};
		9758A6871D3DC39500D30D24 /* DRJScreenAdaptationDemo */ = {
			isa = PBXGroup;
			children = (
				9758A68B1D3DC39500D30D24 /* AppDelegate.h */,
				9758A68C1D3DC39500D30D24 /* AppDelegate.m */,
				5F059FB01D3DC8D700D61D21 /* IndexVC.h */,
				5F059FB11D3DC8D700D61D21 /* IndexVC.m */,
				5F059FBC1D3DCC2F00D61D21 /* CodeVC.h */,
				5F059FBD1D3DCC2F00D61D21 /* CodeVC.m */,
				5F059FBF1D3DCCB300D61D21 /* AutolayoutCommonVC.h */,
				5F059FC01D3DCCB300D61D21 /* AutolayoutCommonVC.m */,
				5F059FB31D3DCB7300D61D21 /* AutolayoutSubviewsVC.h */,
				5F059FB41D3DCB7300D61D21 /* AutolayoutSubviewsVC.m */,
				5F059FB61D3DCB8200D61D21 /* AutolayoutSplitVC.h */,
				5F059FB71D3DCB8200D61D21 /* AutolayoutSplitVC.m */,
				5F059FB91D3DCBFB00D61D21 /* AutolayoutMultiplierVC.h */,
				5F059FBA1D3DCBFB00D61D21 /* AutolayoutMultiplierVC.m */,
				9758A6911D3DC39500D30D24 /* Main.storyboard */,
				9758A6941D3DC39500D30D24 /* Assets.xcassets */,
				9758A6961D3DC39500D30D24 /* LaunchScreen.storyboard */,
				9758A6991D3DC39500D30D24 /* Info.plist */,
				9758A6881D3DC39500D30D24 /* Supporting Files */,
			);
			path = DRJScreenAdaptationDemo;
			sourceTree = "<group>";
		};
		9758A6881D3DC39500D30D24 /* Supporting Files */ = {
			isa = PBXGroup;
			children = (
				9758A6891D3DC39500D30D24 /* main.m */,
			);
			name = "Supporting Files";
			sourceTree = "<group>";
		};
/* End PBXGroup section */

/* Begin PBXNativeTarget section */
		9758A6841D3DC39500D30D24 /* DRJScreenAdaptationDemo */ = {
			isa = PBXNativeTarget;
			buildConfigurationList = 9758A69C1D3DC39500D30D24 /* Build configuration list for PBXNativeTarget "DRJScreenAdaptationDemo" */;
			buildPhases = (
				9758A6811D3DC39500D30D24 /* Sources */,
				9758A6821D3DC39500D30D24 /* Frameworks */,
				9758A6831D3DC39500D30D24 /* Resources */,
			);
			buildRules = (
			);
			dependencies = (
			);
			name = DRJScreenAdaptationDemo;
			productName = DRJScreenAdaptationDemo;
			productReference = 9758A6851D3DC39500D30D24 /* DRJScreenAdaptationDemo.app */;
			productType = "com.apple.product-type.application";
		};
/* End PBXNativeTarget section */

/* Begin PBXProject section */
		9758A67D1D3DC39500D30D24 /* Project object */ = {
			isa = PBXProject;
			attributes = {
				LastUpgradeCheck = 0730;
				ORGANIZATIONNAME = Afmobi;
				TargetAttributes = {
					9758A6841D3DC39500D30D24 = {
						CreatedOnToolsVersion = 7.3;
					};
				};
			};
			buildConfigurationList = 9758A6801D3DC39500D30D24 /* Build configuration list for PBXProject "DRJScreenAdaptationDemo" */;
			compatibilityVersion = "Xcode 3.2";
			developmentRegion = English;
			hasScannedForEncodings = 0;
			knownRegions = (
				en,
				Base,
			);
			mainGroup = 9758A67C1D3DC39500D30D24;
			productRefGroup = 9758A6861D3DC39500D30D24 /* Products */;
			projectDirPath = "";
			projectRoot = "";
			targets = (
				9758A6841D3DC39500D30D24 /* DRJScreenAdaptationDemo */,
			);
		};
/* End PBXProject section */

/* Begin PBXResourcesBuildPhase section */
		9758A6831D3DC39500D30D24 /* Resources */ = {
			isa = PBXResourcesBuildPhase;
			buildActionMask = 2147483647;
			files = (
				9758A6981D3DC39500D30D24 /* LaunchScreen.storyboard in Resources */,
				9758A6951D3DC39500D30D24 /* Assets.xcassets in Resources */,
				9758A6931D3DC39500D30D24 /* Main.storyboard in Resources */,
			);
			runOnlyForDeploymentPostprocessing = 0;
		};
/* End PBXResourcesBuildPhase section */

/* Begin PBXSourcesBuildPhase section */
		9758A6811D3DC39500D30D24 /* Sources */ = {
			isa = PBXSourcesBuildPhase;
			buildActionMask = 2147483647;
			files = (
				5F059FC11D3DCCB400D61D21 /* AutolayoutCommonVC.m in Sources */,
				5F059FB21D3DC8D700D61D21 /* IndexVC.m in Sources */,
				5F059FB51D3DCB7300D61D21 /* AutolayoutSubviewsVC.m in Sources */,
				9758A68D1D3DC39500D30D24 /* AppDelegate.m in Sources */,
				9758A68A1D3DC39500D30D24 /* main.m in Sources */,
				5F059FBE1D3DCC2F00D61D21 /* CodeVC.m in Sources */,
				5F059FBB1D3DCBFB00D61D21 /* AutolayoutMultiplierVC.m in Sources */,
				5F059FB81D3DCB8200D61D21 /* AutolayoutSplitVC.m in Sources */,
			);
			runOnlyForDeploymentPostprocessing = 0;
		};
/* End PBXSourcesBuildPhase section */

/* Begin PBXVariantGroup section */
		9758A6911D3DC39500D30D24 /* Main.storyboard */ = {
			isa = PBXVariantGroup;
			children = (
				9758A6921D3DC39500D30D24 /* Base */,
			);
			name = Main.storyboard;
			sourceTree = "<group>";
		};
		9758A6961D3DC39500D30D24 /* LaunchScreen.storyboard */ = {
			isa = PBXVariantGroup;
			children = (
				9758A6971D3DC39500D30D24 /* Base */,
			);
			name = LaunchScreen.storyboard;
			sourceTree = "<group>";
		};
/* End PBXVariantGroup section */

/* Begin XCBuildConfiguration section */
		9758A69A1D3DC39500D30D24 /* Debug */ = {
			isa = XCBuildConfiguration;
			buildSettings = {
				ALWAYS_SEARCH_USER_PATHS = NO;
				CLANG_ANALYZER_NONNULL = YES;
				CLANG_CXX_LANGUAGE_STANDARD = "gnu++0x";
				CLANG_CXX_LIBRARY = "libc++";
				CLANG_ENABLE_MODULES = YES;
				CLANG_ENABLE_OBJC_ARC = YES;
				CLANG_WARN_BOOL_CONVERSION = YES;
				CLANG_WARN_CONSTANT_CONVERSION = YES;
				CLANG_WARN_DIRECT_OBJC_ISA_USAGE = YES_ERROR;
				CLANG_WARN_EMPTY_BODY = YES;
				CLANG_WARN_ENUM_CONVERSION = YES;
				CLANG_WARN_INT_CONVERSION = YES;
				CLANG_WARN_OBJC_ROOT_CLASS = YES_ERROR;
				CLANG_WARN_UNREACHABLE_CODE = YES;
				CLANG_WARN__DUPLICATE_METHOD_MATCH = YES;
				"CODE_SIGN_IDENTITY[sdk=iphoneos*]" = "iPhone Developer";
				COPY_PHASE_STRIP = NO;
				DEBUG_INFORMATION_FORMAT = dwarf;
				ENABLE_STRICT_OBJC_MSGSEND = YES;
				ENABLE_TESTABILITY = YES;
				GCC_C_LANGUAGE_STANDARD = gnu99;
				GCC_DYNAMIC_NO_PIC = NO;
				GCC_NO_COMMON_BLOCKS = YES;
				GCC_OPTIMIZATION_LEVEL = 0;
				GCC_PREPROCESSOR_DEFINITIONS = (
					"DEBUG=1",
					"$(inherited)",
				);
				GCC_WARN_64_TO_32_BIT_CONVERSION = YES;
				GCC_WARN_ABOUT_RETURN_TYPE = YES_ERROR;
				GCC_WARN_UNDECLARED_SELECTOR = YES;
				GCC_WARN_UNINITIALIZED_AUTOS = YES_AGGRESSIVE;
				GCC_WARN_UNUSED_FUNCTION = YES;
				GCC_WARN_UNUSED_VARIABLE = YES;
				IPHONEOS_DEPLOYMENT_TARGET = 7.1;
				MTL_ENABLE_DEBUG_INFO = YES;
				ONLY_ACTIVE_ARCH = YES;
				SDKROOT = iphoneos;
			};
			name = Debug;
		};
		9758A69B1D3DC39500D30D24 /* Release */ = {
			isa = XCBuildConfiguration;
			buildSettings = {
				ALWAYS_SEARCH_USER_PATHS = NO;
				CLANG_ANALYZER_NONNULL = YES;
				CLANG_CXX_LANGUAGE_STANDARD = "gnu++0x";
				CLANG_CXX_LIBRARY = "libc++";
				CLANG_ENABLE_MODULES = YES;
				CLANG_ENABLE_OBJC_ARC = YES;
				CLANG_WARN_BOOL_CONVERSION = YES;
				CLANG_WARN_CONSTANT_CONVERSION = YES;
				CLANG_WARN_DIRECT_OBJC_ISA_USAGE = YES_ERROR;
				CLANG_WARN_EMPTY_BODY = YES;
				CLANG_WARN_ENUM_CONVERSION = YES;
				CLANG_WARN_INT_CONVERSION = YES;
				CLANG_WARN_OBJC_ROOT_CLASS = YES_ERROR;
				CLANG_WARN_UNREACHABLE_CODE = YES;
				CLANG_WARN__DUPLICATE_METHOD_MATCH = YES;
				"CODE_SIGN_IDENTITY[sdk=iphoneos*]" = "iPhone Developer";
				COPY_PHASE_STRIP = NO;
				DEBUG_INFORMATION_FORMAT = "dwarf-with-dsym";
				ENABLE_NS_ASSERTIONS = NO;
				ENABLE_STRICT_OBJC_MSGSEND = YES;
				GCC_C_LANGUAGE_STANDARD = gnu99;
				GCC_NO_COMMON_BLOCKS = YES;
				GCC_WARN_64_TO_32_BIT_CONVERSION = YES;
				GCC_WARN_ABOUT_RETURN_TYPE = YES_ERROR;
				GCC_WARN_UNDECLARED_SELECTOR = YES;
				GCC_WARN_UNINITIALIZED_AUTOS = YES_AGGRESSIVE;
				GCC_WARN_UNUSED_FUNCTION = YES;
				GCC_WARN_UNUSED_VARIABLE = YES;
				IPHONEOS_DEPLOYMENT_TARGET = 7.1;
				MTL_ENABLE_DEBUG_INFO = NO;
				SDKROOT = iphoneos;
				VALIDATE_PRODUCT = YES;
			};
			name = Release;
		};
		9758A69D1D3DC39500D30D24 /* Debug */ = {
			isa = XCBuildConfiguration;
			buildSettings = {
				ASSETCATALOG_COMPILER_APPICON_NAME = AppIcon;
				INFOPLIST_FILE = DRJScreenAdaptationDemo/Info.plist;
				IPHONEOS_DEPLOYMENT_TARGET = 7.1;
				LD_RUNPATH_SEARCH_PATHS = "$(inherited) @executable_path/Frameworks";
				PRODUCT_BUNDLE_IDENTIFIER = com.Afmobi.DRJScreenAdaptationDemo;
				PRODUCT_NAME = "$(TARGET_NAME)";
			};
			name = Debug;
		};
		9758A69E1D3DC39500D30D24 /* Release */ = {
			isa = XCBuildConfiguration;
			buildSettings = {
				ASSETCATALOG_COMPILER_APPICON_NAME = AppIcon;
				INFOPLIST_FILE = DRJScreenAdaptationDemo/Info.plist;
				IPHONEOS_DEPLOYMENT_TARGET = 7.1;
				LD_RUNPATH_SEARCH_PATHS = "$(inherited) @executable_path/Frameworks";
				PRODUCT_BUNDLE_IDENTIFIER = com.Afmobi.DRJScreenAdaptationDemo;
				PRODUCT_NAME = "$(TARGET_NAME)";
			};
			name = Release;
		};
/* End XCBuildConfiguration section */

/* Begin XCConfigurationList section */
		9758A6801D3DC39500D30D24 /* Build configuration list for PBXProject "DRJScreenAdaptationDemo" */ = {
			isa = XCConfigurationList;
			buildConfigurations = (
				9758A69A1D3DC39500D30D24 /* Debug */,
				9758A69B1D3DC39500D30D24 /* Release */,
			);
			defaultConfigurationIsVisible = 0;
			defaultConfigurationName = Release;
		};
		9758A69C1D3DC39500D30D24 /* Build configuration list for PBXNativeTarget "DRJScreenAdaptationDemo" */ = {
			isa = XCConfigurationList;
			buildConfigurations = (
				9758A69D1D3DC39500D30D24 /* Debug */,
				9758A69E1D3DC39500D30D24 /* Release */,
			);
			defaultConfigurationIsVisible = 0;
			defaultConfigurationName = Release;
		};
/* End XCConfigurationList section */
	};
	rootObject = 9758A67D1D3DC39500D30D24 /* Project object */;
}
