// !$*UTF8*$!
{
	archiveVersion = 1;
	classes = {
	};
	objectVersion = 46;
	objects = {

/* Begin PBXBuildFile section */
		9707C9571D4AECA2002BF3BA /* ScrollViewVC.m in Sources */ = {isa = PBXBuildFile; fileRef = 9707C9551D4AECA2002BF3BA /* ScrollViewVC.m */; };
		9707C9581D4AECA2002BF3BA /* ScrollViewVC.xib in Resources */ = {isa = PBXBuildFile; fileRef = 9707C9561D4AECA2002BF3BA /* ScrollViewVC.xib */; };
		9707C95D1D4B03D6002BF3BA /* TextFieldVC.m in Sources */ = {isa = PBXBuildFile; fileRef = 9707C95B1D4B03D6002BF3BA /* TextFieldVC.m */; };
		9707C95E1D4B03D6002BF3BA /* TextFieldVC.xib in Resources */ = {isa = PBXBuildFile; fileRef = 9707C95C1D4B03D6002BF3BA /* TextFieldVC.xib */; };
		972339F11D406FEE00F6F380 /* main.m in Sources */ = {isa = PBXBuildFile; fileRef = 972339F01D406FEE00F6F380 /* main.m */; };
		972339F41D406FEE00F6F380 /* AppDelegate.m in Sources */ = {isa = PBXBuildFile; fileRef = 972339F31D406FEE00F6F380 /* AppDelegate.m */; };
		972339F71D406FEE00F6F380 /* IndexVC.m in Sources */ = {isa = PBXBuildFile; fileRef = 972339F61D406FEE00F6F380 /* IndexVC.m */; };
		972339FA1D406FEE00F6F380 /* Main.storyboard in Resources */ = {isa = PBXBuildFile; fileRef = 972339F81D406FEE00F6F380 /* Main.storyboard */; };
		972339FC1D406FEE00F6F380 /* Assets.xcassets in Resources */ = {isa = PBXBuildFile; fileRef = 972339FB1D406FEE00F6F380 /* Assets.xcassets */; };
		972339FF1D406FEE00F6F380 /* LaunchScreen.storyboard in Resources */ = {isa = PBXBuildFile; fileRef = 972339FD1D406FEE00F6F380 /* LaunchScreen.storyboard */; };
		9739C8391D4EE0AA00A247A5 /* DelegateVC.m in Sources */ = {isa = PBXBuildFile; fileRef = 9739C8371D4EE0AA00A247A5 /* DelegateVC.m */; };
		9739C83A1D4EE0AA00A247A5 /* DelegateVC.xib in Resources */ = {isa = PBXBuildFile; fileRef = 9739C8381D4EE0AA00A247A5 /* DelegateVC.xib */; };
		9739C83F1D4F2AD400A247A5 /* ImageViewVC.m in Sources */ = {isa = PBXBuildFile; fileRef = 9739C83D1D4F2AD400A247A5 /* ImageViewVC.m */; };
		9739C8401D4F2AD400A247A5 /* ImageViewVC.xib in Resources */ = {isa = PBXBuildFile; fileRef = 9739C83E1D4F2AD400A247A5 /* ImageViewVC.xib */; };
		976E0DF01D499DDC00A8D7CE /* NotificationVC.m in Sources */ = {isa = PBXBuildFile; fileRef = 976E0DEE1D499DDC00A8D7CE /* NotificationVC.m */; };
		976E0DF11D499DDC00A8D7CE /* NotificationVC.xib in Resources */ = {isa = PBXBuildFile; fileRef = 976E0DEF1D499DDC00A8D7CE /* NotificationVC.xib */; };
		9799F2661D51DB6700E3DA26 /* CustomLoadingVC.m in Sources */ = {isa = PBXBuildFile; fileRef = 9799F2641D51DB6700E3DA26 /* CustomLoadingVC.m */; };
		9799F2671D51DB6700E3DA26 /* CustomLoadingVC.xib in Resources */ = {isa = PBXBuildFile; fileRef = 9799F2651D51DB6700E3DA26 /* CustomLoadingVC.xib */; };
		9799F26A1D51DBC100E3DA26 /* LoadingView.m in Sources */ = {isa = PBXBuildFile; fileRef = 9799F2691D51DBC100E3DA26 /* LoadingView.m */; };
		9799F26D1D52084E00E3DA26 /* LoadingArc.m in Sources */ = {isa = PBXBuildFile; fileRef = 9799F26C1D52084E00E3DA26 /* LoadingArc.m */; };
		97A19E641D40C40F0096BAC8 /* BaseClass+Category.m in Sources */ = {isa = PBXBuildFile; fileRef = 97A19E5B1D40C40F0096BAC8 /* BaseClass+Category.m */; };
		97A19E651D40C40F0096BAC8 /* BaseClass.m in Sources */ = {isa = PBXBuildFile; fileRef = 97A19E5D1D40C40F0096BAC8 /* BaseClass.m */; };
		97A19E661D40C40F0096BAC8 /* CategoryVC.m in Sources */ = {isa = PBXBuildFile; fileRef = 97A19E601D40C40F0096BAC8 /* CategoryVC.m */; };
		97A19E671D40C40F0096BAC8 /* CategoryVC.storyboard in Resources */ = {isa = PBXBuildFile; fileRef = 97A19E611D40C40F0096BAC8 /* CategoryVC.storyboard */; };
		97A19E681D40C40F0096BAC8 /* IndexObjectCVC.m in Sources */ = {isa = PBXBuildFile; fileRef = 97A19E631D40C40F0096BAC8 /* IndexObjectCVC.m */; };
		97A19E751D40C8460096BAC8 /* KVOVC.m in Sources */ = {isa = PBXBuildFile; fileRef = 97A19E731D40C8460096BAC8 /* KVOVC.m */; };
		97A19E761D40C8460096BAC8 /* KVOVC.storyboard in Resources */ = {isa = PBXBuildFile; fileRef = 97A19E741D40C8460096BAC8 /* KVOVC.storyboard */; };
		97A19E791D40C8670096BAC8 /* Pruduct.m in Sources */ = {isa = PBXBuildFile; fileRef = 97A19E781D40C8670096BAC8 /* Pruduct.m */; };
		97A19E811D40D9A90096BAC8 /* ProtocolVC.m in Sources */ = {isa = PBXBuildFile; fileRef = 97A19E801D40D9A90096BAC8 /* ProtocolVC.m */; };
		97A19E831D40D9BD0096BAC8 /* ProtocolVC.storyboard in Resources */ = {isa = PBXBuildFile; fileRef = 97A19E821D40D9BD0096BAC8 /* ProtocolVC.storyboard */; };
/* End PBXBuildFile section */

/* Begin PBXFileReference section */
		9707C9541D4AECA2002BF3BA /* ScrollViewVC.h */ = {isa = PBXFileReference; fileEncoding = 4; lastKnownFileType = sourcecode.c.h; path = ScrollViewVC.h; sourceTree = "<group>"; };
		9707C9551D4AECA2002BF3BA /* ScrollViewVC.m */ = {isa = PBXFileReference; fileEncoding = 4; lastKnownFileType = sourcecode.c.objc; path = ScrollViewVC.m; sourceTree = "<group>"; };
		9707C9561D4AECA2002BF3BA /* ScrollViewVC.xib */ = {isa = PBXFileReference; fileEncoding = 4; lastKnownFileType = file.xib; path = ScrollViewVC.xib; sourceTree = "<group>"; };
		9707C95A1D4B03D6002BF3BA /* TextFieldVC.h */ = {isa = PBXFileReference; fileEncoding = 4; lastKnownFileType = sourcecode.c.h; path = TextFieldVC.h; sourceTree = "<group>"; };
		9707C95B1D4B03D6002BF3BA /* TextFieldVC.m */ = {isa = PBXFileReference; fileEncoding = 4; lastKnownFileType = sourcecode.c.objc; path = TextFieldVC.m; sourceTree = "<group>"; };
		9707C95C1D4B03D6002BF3BA /* TextFieldVC.xib */ = {isa = PBXFileReference; fileEncoding = 4; lastKnownFileType = file.xib; path = TextFieldVC.xib; sourceTree = "<group>"; };
		972339EC1D406FEE00F6F380 /* DRJStudyDemo.app */ = {isa = PBXFileReference; explicitFileType = wrapper.application; includeInIndex = 0; path = DRJStudyDemo.app; sourceTree = BUILT_PRODUCTS_DIR; };
		972339F01D406FEE00F6F380 /* main.m */ = {isa = PBXFileReference; lastKnownFileType = sourcecode.c.objc; path = main.m; sourceTree = "<group>"; };
		972339F21D406FEE00F6F380 /* AppDelegate.h */ = {isa = PBXFileReference; lastKnownFileType = sourcecode.c.h; path = AppDelegate.h; sourceTree = "<group>"; };
		972339F31D406FEE00F6F380 /* AppDelegate.m */ = {isa = PBXFileReference; lastKnownFileType = sourcecode.c.objc; path = AppDelegate.m; sourceTree = "<group>"; };
		972339F51D406FEE00F6F380 /* IndexVC.h */ = {isa = PBXFileReference; lastKnownFileType = sourcecode.c.h; path = IndexVC.h; sourceTree = "<group>"; };
		972339F61D406FEE00F6F380 /* IndexVC.m */ = {isa = PBXFileReference; lastKnownFileType = sourcecode.c.objc; path = IndexVC.m; sourceTree = "<group>"; };
		972339F91D406FEE00F6F380 /* Base */ = {isa = PBXFileReference; lastKnownFileType = file.storyboard; name = Base; path = Base.lproj/Main.storyboard; sourceTree = "<group>"; };
		972339FB1D406FEE00F6F380 /* Assets.xcassets */ = {isa = PBXFileReference; lastKnownFileType = folder.assetcatalog; path = Assets.xcassets; sourceTree = "<group>"; };
		972339FE1D406FEE00F6F380 /* Base */ = {isa = PBXFileReference; lastKnownFileType = file.storyboard; name = Base; path = Base.lproj/LaunchScreen.storyboard; sourceTree = "<group>"; };
		97233A001D406FEE00F6F380 /* Info.plist */ = {isa = PBXFileReference; lastKnownFileType = text.plist.xml; path = Info.plist; sourceTree = "<group>"; };
		9739C8361D4EE0AA00A247A5 /* DelegateVC.h */ = {isa = PBXFileReference; fileEncoding = 4; lastKnownFileType = sourcecode.c.h; path = DelegateVC.h; sourceTree = "<group>"; };
		9739C8371D4EE0AA00A247A5 /* DelegateVC.m */ = {isa = PBXFileReference; fileEncoding = 4; lastKnownFileType = sourcecode.c.objc; path = DelegateVC.m; sourceTree = "<group>"; };
		9739C8381D4EE0AA00A247A5 /* DelegateVC.xib */ = {isa = PBXFileReference; fileEncoding = 4; lastKnownFileType = file.xib; path = DelegateVC.xib; sourceTree = "<group>"; };
		9739C83C1D4F2AD400A247A5 /* ImageViewVC.h */ = {isa = PBXFileReference; fileEncoding = 4; lastKnownFileType = sourcecode.c.h; path = ImageViewVC.h; sourceTree = "<group>"; };
		9739C83D1D4F2AD400A247A5 /* ImageViewVC.m */ = {isa = PBXFileReference; fileEncoding = 4; lastKnownFileType = sourcecode.c.objc; path = ImageViewVC.m; sourceTree = "<group>"; };
		9739C83E1D4F2AD400A247A5 /* ImageViewVC.xib */ = {isa = PBXFileReference; fileEncoding = 4; lastKnownFileType = file.xib; path = ImageViewVC.xib; sourceTree = "<group>"; };
		976E0DED1D499DDC00A8D7CE /* NotificationVC.h */ = {isa = PBXFileReference; fileEncoding = 4; lastKnownFileType = sourcecode.c.h; path = NotificationVC.h; sourceTree = "<group>"; };
		976E0DEE1D499DDC00A8D7CE /* NotificationVC.m */ = {isa = PBXFileReference; fileEncoding = 4; lastKnownFileType = sourcecode.c.objc; path = NotificationVC.m; sourceTree = "<group>"; };
		976E0DEF1D499DDC00A8D7CE /* NotificationVC.xib */ = {isa = PBXFileReference; fileEncoding = 4; lastKnownFileType = file.xib; path = NotificationVC.xib; sourceTree = "<group>"; };
		9799F2631D51DB6700E3DA26 /* CustomLoadingVC.h */ = {isa = PBXFileReference; fileEncoding = 4; lastKnownFileType = sourcecode.c.h; path = CustomLoadingVC.h; sourceTree = "<group>"; };
		9799F2641D51DB6700E3DA26 /* CustomLoadingVC.m */ = {isa = PBXFileReference; fileEncoding = 4; lastKnownFileType = sourcecode.c.objc; path = CustomLoadingVC.m; sourceTree = "<group>"; };
		9799F2651D51DB6700E3DA26 /* CustomLoadingVC.xib */ = {isa = PBXFileReference; fileEncoding = 4; lastKnownFileType = file.xib; path = CustomLoadingVC.xib; sourceTree = "<group>"; };
		9799F2681D51DBC100E3DA26 /* LoadingView.h */ = {isa = PBXFileReference; fileEncoding = 4; lastKnownFileType = sourcecode.c.h; path = LoadingView.h; sourceTree = "<group>"; };
		9799F2691D51DBC100E3DA26 /* LoadingView.m */ = {isa = PBXFileReference; fileEncoding = 4; lastKnownFileType = sourcecode.c.objc; path = LoadingView.m; sourceTree = "<group>"; };
		9799F26B1D52084E00E3DA26 /* LoadingArc.h */ = {isa = PBXFileReference; fileEncoding = 4; lastKnownFileType = sourcecode.c.h; path = LoadingArc.h; sourceTree = "<group>"; };
		9799F26C1D52084E00E3DA26 /* LoadingArc.m */ = {isa = PBXFileReference; fileEncoding = 4; lastKnownFileType = sourcecode.c.objc; path = LoadingArc.m; sourceTree = "<group>"; };
		97A19E5A1D40C40F0096BAC8 /* BaseClass+Category.h */ = {isa = PBXFileReference; fileEncoding = 4; lastKnownFileType = sourcecode.c.h; path = "BaseClass+Category.h"; sourceTree = "<group>"; };
		97A19E5B1D40C40F0096BAC8 /* BaseClass+Category.m */ = {isa = PBXFileReference; fileEncoding = 4; lastKnownFileType = sourcecode.c.objc; path = "BaseClass+Category.m"; sourceTree = "<group>"; };
		97A19E5C1D40C40F0096BAC8 /* BaseClass.h */ = {isa = PBXFileReference; fileEncoding = 4; lastKnownFileType = sourcecode.c.h; path = BaseClass.h; sourceTree = "<group>"; };
		97A19E5D1D40C40F0096BAC8 /* BaseClass.m */ = {isa = PBXFileReference; fileEncoding = 4; lastKnownFileType = sourcecode.c.objc; path = BaseClass.m; sourceTree = "<group>"; };
		97A19E5F1D40C40F0096BAC8 /* CategoryVC.h */ = {isa = PBXFileReference; fileEncoding = 4; lastKnownFileType = sourcecode.c.h; path = CategoryVC.h; sourceTree = "<group>"; };
		97A19E601D40C40F0096BAC8 /* CategoryVC.m */ = {isa = PBXFileReference; fileEncoding = 4; lastKnownFileType = sourcecode.c.objc; path = CategoryVC.m; sourceTree = "<group>"; };
		97A19E611D40C40F0096BAC8 /* CategoryVC.storyboard */ = {isa = PBXFileReference; fileEncoding = 4; lastKnownFileType = file.storyboard; path = CategoryVC.storyboard; sourceTree = "<group>"; };
		97A19E621D40C40F0096BAC8 /* IndexObjectCVC.h */ = {isa = PBXFileReference; fileEncoding = 4; lastKnownFileType = sourcecode.c.h; path = IndexObjectCVC.h; sourceTree = "<group>"; };
		97A19E631D40C40F0096BAC8 /* IndexObjectCVC.m */ = {isa = PBXFileReference; fileEncoding = 4; lastKnownFileType = sourcecode.c.objc; path = IndexObjectCVC.m; sourceTree = "<group>"; };
		97A19E721D40C8460096BAC8 /* KVOVC.h */ = {isa = PBXFileReference; fileEncoding = 4; lastKnownFileType = sourcecode.c.h; path = KVOVC.h; sourceTree = "<group>"; };
		97A19E731D40C8460096BAC8 /* KVOVC.m */ = {isa = PBXFileReference; fileEncoding = 4; lastKnownFileType = sourcecode.c.objc; path = KVOVC.m; sourceTree = "<group>"; };
		97A19E741D40C8460096BAC8 /* KVOVC.storyboard */ = {isa = PBXFileReference; fileEncoding = 4; lastKnownFileType = file.storyboard; path = KVOVC.storyboard; sourceTree = "<group>"; };
		97A19E771D40C8670096BAC8 /* Pruduct.h */ = {isa = PBXFileReference; fileEncoding = 4; lastKnownFileType = sourcecode.c.h; path = Pruduct.h; sourceTree = "<group>"; };
		97A19E781D40C8670096BAC8 /* Pruduct.m */ = {isa = PBXFileReference; fileEncoding = 4; lastKnownFileType = sourcecode.c.objc; path = Pruduct.m; sourceTree = "<group>"; };
		97A19E7F1D40D9A90096BAC8 /* ProtocolVC.h */ = {isa = PBXFileReference; fileEncoding = 4; lastKnownFileType = sourcecode.c.h; path = ProtocolVC.h; sourceTree = "<group>"; };
		97A19E801D40D9A90096BAC8 /* ProtocolVC.m */ = {isa = PBXFileReference; fileEncoding = 4; lastKnownFileType = sourcecode.c.objc; path = ProtocolVC.m; sourceTree = "<group>"; };
		97A19E821D40D9BD0096BAC8 /* ProtocolVC.storyboard */ = {isa = PBXFileReference; fileEncoding = 4; lastKnownFileType = file.storyboard; path = ProtocolVC.storyboard; sourceTree = "<group>"; };
/* End PBXFileReference section */

/* Begin PBXFrameworksBuildPhase section */
		972339E91D406FEE00F6F380 /* Frameworks */ = {
			isa = PBXFrameworksBuildPhase;
			buildActionMask = 2147483647;
			files = (
			);
			runOnlyForDeploymentPostprocessing = 0;
		};
/* End PBXFrameworksBuildPhase section */

/* Begin PBXGroup section */
		9707C94D1D4AE839002BF3BA /* UIView */ = {
			isa = PBXGroup;
			children = (
				9799F2601D51DAFD00E3DA26 /* CustomLoading */,
				9739C83B1D4F2AB900A247A5 /* ImageViewVC */,
				9739C8351D4EE08D00A247A5 /* DelegateVC */,
				9707C9591D4B03B0002BF3BA /* TextFieldVC */,
				9707C94E1D4AE96C002BF3BA /* UIScrollView */,
			);
			path = UIView;
			sourceTree = "<group>";
		};
		9707C94E1D4AE96C002BF3BA /* UIScrollView */ = {
			isa = PBXGroup;
			children = (
				9707C9541D4AECA2002BF3BA /* ScrollViewVC.h */,
				9707C9551D4AECA2002BF3BA /* ScrollViewVC.m */,
				9707C9561D4AECA2002BF3BA /* ScrollViewVC.xib */,
			);
			path = UIScrollView;
			sourceTree = "<group>";
		};
		9707C9591D4B03B0002BF3BA /* TextFieldVC */ = {
			isa = PBXGroup;
			children = (
				9707C95A1D4B03D6002BF3BA /* TextFieldVC.h */,
				9707C95B1D4B03D6002BF3BA /* TextFieldVC.m */,
				9707C95C1D4B03D6002BF3BA /* TextFieldVC.xib */,
			);
			path = TextFieldVC;
			sourceTree = "<group>";
		};
		972339E31D406FEE00F6F380 = {
			isa = PBXGroup;
			children = (
				972339EE1D406FEE00F6F380 /* DRJStudyDemo */,
				972339ED1D406FEE00F6F380 /* Products */,
			);
			sourceTree = "<group>";
		};
		972339ED1D406FEE00F6F380 /* Products */ = {
			isa = PBXGroup;
			children = (
				972339EC1D406FEE00F6F380 /* DRJStudyDemo.app */,
			);
			name = Products;
			sourceTree = "<group>";
		};
		972339EE1D406FEE00F6F380 /* DRJStudyDemo */ = {
			isa = PBXGroup;
			children = (
				9707C94D1D4AE839002BF3BA /* UIView */,
				976E0DEC1D499AA100A8D7CE /* NotificationVC */,
				97A19E581D40C40F0096BAC8 /* IndexObjectCVC */,
				972339F21D406FEE00F6F380 /* AppDelegate.h */,
				972339F31D406FEE00F6F380 /* AppDelegate.m */,
				972339F51D406FEE00F6F380 /* IndexVC.h */,
				972339F61D406FEE00F6F380 /* IndexVC.m */,
				972339F81D406FEE00F6F380 /* Main.storyboard */,
				972339FB1D406FEE00F6F380 /* Assets.xcassets */,
				972339FD1D406FEE00F6F380 /* LaunchScreen.storyboard */,
				97233A001D406FEE00F6F380 /* Info.plist */,
				972339EF1D406FEE00F6F380 /* Supporting Files */,
			);
			path = DRJStudyDemo;
			sourceTree = "<group>";
		};
		972339EF1D406FEE00F6F380 /* Supporting Files */ = {
			isa = PBXGroup;
			children = (
				972339F01D406FEE00F6F380 /* main.m */,
			);
			name = "Supporting Files";
			sourceTree = "<group>";
		};
		9739C8351D4EE08D00A247A5 /* DelegateVC */ = {
			isa = PBXGroup;
			children = (
				9739C8361D4EE0AA00A247A5 /* DelegateVC.h */,
				9739C8371D4EE0AA00A247A5 /* DelegateVC.m */,
				9739C8381D4EE0AA00A247A5 /* DelegateVC.xib */,
			);
			path = DelegateVC;
			sourceTree = "<group>";
		};
		9739C83B1D4F2AB900A247A5 /* ImageViewVC */ = {
			isa = PBXGroup;
			children = (
				9739C83C1D4F2AD400A247A5 /* ImageViewVC.h */,
				9739C83D1D4F2AD400A247A5 /* ImageViewVC.m */,
				9739C83E1D4F2AD400A247A5 /* ImageViewVC.xib */,
			);
			path = ImageViewVC;
			sourceTree = "<group>";
		};
		976E0DEC1D499AA100A8D7CE /* NotificationVC */ = {
			isa = PBXGroup;
			children = (
				976E0DED1D499DDC00A8D7CE /* NotificationVC.h */,
				976E0DEE1D499DDC00A8D7CE /* NotificationVC.m */,
				976E0DEF1D499DDC00A8D7CE /* NotificationVC.xib */,
			);
			path = NotificationVC;
			sourceTree = "<group>";
		};
		9799F2601D51DAFD00E3DA26 /* CustomLoading */ = {
			isa = PBXGroup;
			children = (
				9799F2611D51DB3900E3DA26 /* CustomLoadingVC */,
				9799F2621D51DB3900E3DA26 /* View */,
			);
			path = CustomLoading;
			sourceTree = "<group>";
		};
		9799F2611D51DB3900E3DA26 /* CustomLoadingVC */ = {
			isa = PBXGroup;
			children = (
				9799F2631D51DB6700E3DA26 /* CustomLoadingVC.h */,
				9799F2641D51DB6700E3DA26 /* CustomLoadingVC.m */,
				9799F2651D51DB6700E3DA26 /* CustomLoadingVC.xib */,
			);
			path = CustomLoadingVC;
			sourceTree = "<group>";
		};
		9799F2621D51DB3900E3DA26 /* View */ = {
			isa = PBXGroup;
			children = (
				9799F2681D51DBC100E3DA26 /* LoadingView.h */,
				9799F2691D51DBC100E3DA26 /* LoadingView.m */,
				9799F26B1D52084E00E3DA26 /* LoadingArc.h */,
				9799F26C1D52084E00E3DA26 /* LoadingArc.m */,
			);
			path = View;
			sourceTree = "<group>";
		};
		97A19E581D40C40F0096BAC8 /* IndexObjectCVC */ = {
			isa = PBXGroup;
			children = (
				97A19E701D40C8460096BAC8 /* KVO */,
				97A19E591D40C40F0096BAC8 /* Category */,
				97A19E621D40C40F0096BAC8 /* IndexObjectCVC.h */,
				97A19E631D40C40F0096BAC8 /* IndexObjectCVC.m */,
			);
			path = IndexObjectCVC;
			sourceTree = "<group>";
		};
		97A19E591D40C40F0096BAC8 /* Category */ = {
			isa = PBXGroup;
			children = (
				97A19E5A1D40C40F0096BAC8 /* BaseClass+Category.h */,
				97A19E5B1D40C40F0096BAC8 /* BaseClass+Category.m */,
				97A19E5C1D40C40F0096BAC8 /* BaseClass.h */,
				97A19E5D1D40C40F0096BAC8 /* BaseClass.m */,
				97A19E5E1D40C40F0096BAC8 /* CategoryVC */,
			);
			path = Category;
			sourceTree = "<group>";
		};
		97A19E5E1D40C40F0096BAC8 /* CategoryVC */ = {
			isa = PBXGroup;
			children = (
				97A19E5F1D40C40F0096BAC8 /* CategoryVC.h */,
				97A19E601D40C40F0096BAC8 /* CategoryVC.m */,
				97A19E611D40C40F0096BAC8 /* CategoryVC.storyboard */,
			);
			path = CategoryVC;
			sourceTree = "<group>";
		};
		97A19E701D40C8460096BAC8 /* KVO */ = {
			isa = PBXGroup;
			children = (
				97A19E7E1D40D98D0096BAC8 /* ProtocolVC */,
				97A19E711D40C8460096BAC8 /* KvoVC */,
				97A19E771D40C8670096BAC8 /* Pruduct.h */,
				97A19E781D40C8670096BAC8 /* Pruduct.m */,
			);
			path = KVO;
			sourceTree = "<group>";
		};
		97A19E711D40C8460096BAC8 /* KvoVC */ = {
			isa = PBXGroup;
			children = (
				97A19E721D40C8460096BAC8 /* KVOVC.h */,
				97A19E731D40C8460096BAC8 /* KVOVC.m */,
				97A19E741D40C8460096BAC8 /* KVOVC.storyboard */,
			);
			path = KvoVC;
			sourceTree = "<group>";
		};
		97A19E7E1D40D98D0096BAC8 /* ProtocolVC */ = {
			isa = PBXGroup;
			children = (
				97A19E7F1D40D9A90096BAC8 /* ProtocolVC.h */,
				97A19E801D40D9A90096BAC8 /* ProtocolVC.m */,
				97A19E821D40D9BD0096BAC8 /* ProtocolVC.storyboard */,
			);
			path = ProtocolVC;
			sourceTree = "<group>";
		};
/* End PBXGroup section */

/* Begin PBXNativeTarget section */
		972339EB1D406FEE00F6F380 /* DRJStudyDemo */ = {
			isa = PBXNativeTarget;
			buildConfigurationList = 97233A031D406FEE00F6F380 /* Build configuration list for PBXNativeTarget "DRJStudyDemo" */;
			buildPhases = (
				972339E81D406FEE00F6F380 /* Sources */,
				972339E91D406FEE00F6F380 /* Frameworks */,
				972339EA1D406FEE00F6F380 /* Resources */,
			);
			buildRules = (
			);
			dependencies = (
			);
			name = DRJStudyDemo;
			productName = DRJStudyDemo;
			productReference = 972339EC1D406FEE00F6F380 /* DRJStudyDemo.app */;
			productType = "com.apple.product-type.application";
		};
/* End PBXNativeTarget section */

/* Begin PBXProject section */
		972339E41D406FEE00F6F380 /* Project object */ = {
			isa = PBXProject;
			attributes = {
				LastUpgradeCheck = 0730;
				ORGANIZATIONNAME = Afmobi;
				TargetAttributes = {
					972339EB1D406FEE00F6F380 = {
						CreatedOnToolsVersion = 7.3;
					};
				};
			};
			buildConfigurationList = 972339E71D406FEE00F6F380 /* Build configuration list for PBXProject "DRJStudyDemo" */;
			compatibilityVersion = "Xcode 3.2";
			developmentRegion = English;
			hasScannedForEncodings = 0;
			knownRegions = (
				en,
				Base,
			);
			mainGroup = 972339E31D406FEE00F6F380;
			productRefGroup = 972339ED1D406FEE00F6F380 /* Products */;
			projectDirPath = "";
			projectRoot = "";
			targets = (
				972339EB1D406FEE00F6F380 /* DRJStudyDemo */,
			);
		};
/* End PBXProject section */

/* Begin PBXResourcesBuildPhase section */
		972339EA1D406FEE00F6F380 /* Resources */ = {
			isa = PBXResourcesBuildPhase;
			buildActionMask = 2147483647;
			files = (
				972339FF1D406FEE00F6F380 /* LaunchScreen.storyboard in Resources */,
				9739C83A1D4EE0AA00A247A5 /* DelegateVC.xib in Resources */,
				9799F2671D51DB6700E3DA26 /* CustomLoadingVC.xib in Resources */,
				97A19E761D40C8460096BAC8 /* KVOVC.storyboard in Resources */,
				972339FC1D406FEE00F6F380 /* Assets.xcassets in Resources */,
				9739C8401D4F2AD400A247A5 /* ImageViewVC.xib in Resources */,
				976E0DF11D499DDC00A8D7CE /* NotificationVC.xib in Resources */,
				9707C9581D4AECA2002BF3BA /* ScrollViewVC.xib in Resources */,
				97A19E831D40D9BD0096BAC8 /* ProtocolVC.storyboard in Resources */,
				9707C95E1D4B03D6002BF3BA /* TextFieldVC.xib in Resources */,
				972339FA1D406FEE00F6F380 /* Main.storyboard in Resources */,
				97A19E671D40C40F0096BAC8 /* CategoryVC.storyboard in Resources */,
			);
			runOnlyForDeploymentPostprocessing = 0;
		};
/* End PBXResourcesBuildPhase section */

/* Begin PBXSourcesBuildPhase section */
		972339E81D406FEE00F6F380 /* Sources */ = {
			isa = PBXSourcesBuildPhase;
			buildActionMask = 2147483647;
			files = (
				97A19E681D40C40F0096BAC8 /* IndexObjectCVC.m in Sources */,
				9799F26D1D52084E00E3DA26 /* LoadingArc.m in Sources */,
				9799F26A1D51DBC100E3DA26 /* LoadingView.m in Sources */,
				976E0DF01D499DDC00A8D7CE /* NotificationVC.m in Sources */,
				972339F71D406FEE00F6F380 /* IndexVC.m in Sources */,
				9739C8391D4EE0AA00A247A5 /* DelegateVC.m in Sources */,
				97A19E811D40D9A90096BAC8 /* ProtocolVC.m in Sources */,
				9707C95D1D4B03D6002BF3BA /* TextFieldVC.m in Sources */,
				9707C9571D4AECA2002BF3BA /* ScrollViewVC.m in Sources */,
				97A19E641D40C40F0096BAC8 /* BaseClass+Category.m in Sources */,
				97A19E791D40C8670096BAC8 /* Pruduct.m in Sources */,
				97A19E751D40C8460096BAC8 /* KVOVC.m in Sources */,
				972339F41D406FEE00F6F380 /* AppDelegate.m in Sources */,
				97A19E651D40C40F0096BAC8 /* BaseClass.m in Sources */,
				97A19E661D40C40F0096BAC8 /* CategoryVC.m in Sources */,
				972339F11D406FEE00F6F380 /* main.m in Sources */,
				9799F2661D51DB6700E3DA26 /* CustomLoadingVC.m in Sources */,
				9739C83F1D4F2AD400A247A5 /* ImageViewVC.m in Sources */,
			);
			runOnlyForDeploymentPostprocessing = 0;
		};
/* End PBXSourcesBuildPhase section */

/* Begin PBXVariantGroup section */
		972339F81D406FEE00F6F380 /* Main.storyboard */ = {
			isa = PBXVariantGroup;
			children = (
				972339F91D406FEE00F6F380 /* Base */,
			);
			name = Main.storyboard;
			sourceTree = "<group>";
		};
		972339FD1D406FEE00F6F380 /* LaunchScreen.storyboard */ = {
			isa = PBXVariantGroup;
			children = (
				972339FE1D406FEE00F6F380 /* Base */,
			);
			name = LaunchScreen.storyboard;
			sourceTree = "<group>";
		};
/* End PBXVariantGroup section */

/* Begin XCBuildConfiguration section */
		97233A011D406FEE00F6F380 /* Debug */ = {
			isa = XCBuildConfiguration;
			buildSettings = {
				ALWAYS_SEARCH_USER_PATHS = NO;
				CLANG_ANALYZER_NONNULL = YES;
				CLANG_CXX_LANGUAGE_STANDARD = "gnu++0x";
				CLANG_CXX_LIBRARY = "libc++";
				CLANG_ENABLE_MODULES = YES;
				CLANG_ENABLE_OBJC_ARC = YES;
				CLANG_WARN_BOOL_CONVERSION = YES;
				CLANG_WARN_CONSTANT_CONVERSION = YES;
				CLANG_WARN_DIRECT_OBJC_ISA_USAGE = YES_ERROR;
				CLANG_WARN_EMPTY_BODY = YES;
				CLANG_WARN_ENUM_CONVERSION = YES;
				CLANG_WARN_INT_CONVERSION = YES;
				CLANG_WARN_OBJC_ROOT_CLASS = YES_ERROR;
				CLANG_WARN_UNREACHABLE_CODE = YES;
				CLANG_WARN__DUPLICATE_METHOD_MATCH = YES;
				"CODE_SIGN_IDENTITY[sdk=iphoneos*]" = "iPhone Developer";
				COPY_PHASE_STRIP = NO;
				DEBUG_INFORMATION_FORMAT = dwarf;
				ENABLE_STRICT_OBJC_MSGSEND = YES;
				ENABLE_TESTABILITY = YES;
				GCC_C_LANGUAGE_STANDARD = gnu99;
				GCC_DYNAMIC_NO_PIC = NO;
				GCC_NO_COMMON_BLOCKS = YES;
				GCC_OPTIMIZATION_LEVEL = 0;
				GCC_PREPROCESSOR_DEFINITIONS = (
					"DEBUG=1",
					"$(inherited)",
				);
				GCC_WARN_64_TO_32_BIT_CONVERSION = YES;
				GCC_WARN_ABOUT_RETURN_TYPE = YES_ERROR;
				GCC_WARN_UNDECLARED_SELECTOR = YES;
				GCC_WARN_UNINITIALIZED_AUTOS = YES_AGGRESSIVE;
				GCC_WARN_UNUSED_FUNCTION = YES;
				GCC_WARN_UNUSED_VARIABLE = YES;
				IPHONEOS_DEPLOYMENT_TARGET = 7.1;
				MTL_ENABLE_DEBUG_INFO = YES;
				ONLY_ACTIVE_ARCH = YES;
				SDKROOT = iphoneos;
			};
			name = Debug;
		};
		97233A021D406FEE00F6F380 /* Release */ = {
			isa = XCBuildConfiguration;
			buildSettings = {
				ALWAYS_SEARCH_USER_PATHS = NO;
				CLANG_ANALYZER_NONNULL = YES;
				CLANG_CXX_LANGUAGE_STANDARD = "gnu++0x";
				CLANG_CXX_LIBRARY = "libc++";
				CLANG_ENABLE_MODULES = YES;
				CLANG_ENABLE_OBJC_ARC = YES;
				CLANG_WARN_BOOL_CONVERSION = YES;
				CLANG_WARN_CONSTANT_CONVERSION = YES;
				CLANG_WARN_DIRECT_OBJC_ISA_USAGE = YES_ERROR;
				CLANG_WARN_EMPTY_BODY = YES;
				CLANG_WARN_ENUM_CONVERSION = YES;
				CLANG_WARN_INT_CONVERSION = YES;
				CLANG_WARN_OBJC_ROOT_CLASS = YES_ERROR;
				CLANG_WARN_UNREACHABLE_CODE = YES;
				CLANG_WARN__DUPLICATE_METHOD_MATCH = YES;
				"CODE_SIGN_IDENTITY[sdk=iphoneos*]" = "iPhone Developer";
				COPY_PHASE_STRIP = NO;
				DEBUG_INFORMATION_FORMAT = "dwarf-with-dsym";
				ENABLE_NS_ASSERTIONS = NO;
				ENABLE_STRICT_OBJC_MSGSEND = YES;
				GCC_C_LANGUAGE_STANDARD = gnu99;
				GCC_NO_COMMON_BLOCKS = YES;
				GCC_WARN_64_TO_32_BIT_CONVERSION = YES;
				GCC_WARN_ABOUT_RETURN_TYPE = YES_ERROR;
				GCC_WARN_UNDECLARED_SELECTOR = YES;
				GCC_WARN_UNINITIALIZED_AUTOS = YES_AGGRESSIVE;
				GCC_WARN_UNUSED_FUNCTION = YES;
				GCC_WARN_UNUSED_VARIABLE = YES;
				IPHONEOS_DEPLOYMENT_TARGET = 7.1;
				MTL_ENABLE_DEBUG_INFO = NO;
				SDKROOT = iphoneos;
				VALIDATE_PRODUCT = YES;
			};
			name = Release;
		};
		97233A041D406FEE00F6F380 /* Debug */ = {
			isa = XCBuildConfiguration;
			buildSettings = {
				ASSETCATALOG_COMPILER_APPICON_NAME = AppIcon;
				INFOPLIST_FILE = DRJStudyDemo/Info.plist;
				LD_RUNPATH_SEARCH_PATHS = "$(inherited) @executable_path/Frameworks";
				PRODUCT_BUNDLE_IDENTIFIER = com.Afmobi.DRJStudyDemo;
				PRODUCT_NAME = "$(TARGET_NAME)";
			};
			name = Debug;
		};
		97233A051D406FEE00F6F380 /* Release */ = {
			isa = XCBuildConfiguration;
			buildSettings = {
				ASSETCATALOG_COMPILER_APPICON_NAME = AppIcon;
				INFOPLIST_FILE = DRJStudyDemo/Info.plist;
				LD_RUNPATH_SEARCH_PATHS = "$(inherited) @executable_path/Frameworks";
				PRODUCT_BUNDLE_IDENTIFIER = com.Afmobi.DRJStudyDemo;
				PRODUCT_NAME = "$(TARGET_NAME)";
			};
			name = Release;
		};
/* End XCBuildConfiguration section */

/* Begin XCConfigurationList section */
		972339E71D406FEE00F6F380 /* Build configuration list for PBXProject "DRJStudyDemo" */ = {
			isa = XCConfigurationList;
			buildConfigurations = (
				97233A011D406FEE00F6F380 /* Debug */,
				97233A021D406FEE00F6F380 /* Release */,
			);
			defaultConfigurationIsVisible = 0;
			defaultConfigurationName = Release;
		};
		97233A031D406FEE00F6F380 /* Build configuration list for PBXNativeTarget "DRJStudyDemo" */ = {
			isa = XCConfigurationList;
			buildConfigurations = (
				97233A041D406FEE00F6F380 /* Debug */,
				97233A051D406FEE00F6F380 /* Release */,
			);
			defaultConfigurationIsVisible = 0;
			defaultConfigurationName = Release;
		};
/* End XCConfigurationList section */
	};
	rootObject = 972339E41D406FEE00F6F380 /* Project object */;
}
