// !$*UTF8*$!
{
	archiveVersion = 1;
	classes = {
	};
	objectVersion = 46;
	objects = {

/* Begin PBXBuildFile section */
		972339F11D406FEE00F6F380 /* main.m in Sources */ = {isa = PBXBuildFile; fileRef = 972339F01D406FEE00F6F380 /* main.m */; };
		972339F41D406FEE00F6F380 /* AppDelegate.m in Sources */ = {isa = PBXBuildFile; fileRef = 972339F31D406FEE00F6F380 /* AppDelegate.m */; };
		972339F71D406FEE00F6F380 /* IndexVC.m in Sources */ = {isa = PBXBuildFile; fileRef = 972339F61D406FEE00F6F380 /* IndexVC.m */; };
		972339FA1D406FEE00F6F380 /* Main.storyboard in Resources */ = {isa = PBXBuildFile; fileRef = 972339F81D406FEE00F6F380 /* Main.storyboard */; };
		972339FC1D406FEE00F6F380 /* Assets.xcassets in Resources */ = {isa = PBXBuildFile; fileRef = 972339FB1D406FEE00F6F380 /* Assets.xcassets */; };
		972339FF1D406FEE00F6F380 /* LaunchScreen.storyboard in Resources */ = {isa = PBXBuildFile; fileRef = 972339FD1D406FEE00F6F380 /* LaunchScreen.storyboard */; };
		97A19E641D40C40F0096BAC8 /* BaseClass+Category.m in Sources */ = {isa = PBXBuildFile; fileRef = 97A19E5B1D40C40F0096BAC8 /* BaseClass+Category.m */; };
		97A19E651D40C40F0096BAC8 /* BaseClass.m in Sources */ = {isa = PBXBuildFile; fileRef = 97A19E5D1D40C40F0096BAC8 /* BaseClass.m */; };
		97A19E661D40C40F0096BAC8 /* CategoryVC.m in Sources */ = {isa = PBXBuildFile; fileRef = 97A19E601D40C40F0096BAC8 /* CategoryVC.m */; };
		97A19E671D40C40F0096BAC8 /* CategoryVC.storyboard in Resources */ = {isa = PBXBuildFile; fileRef = 97A19E611D40C40F0096BAC8 /* CategoryVC.storyboard */; };
		97A19E681D40C40F0096BAC8 /* IndexObjectCVC.m in Sources */ = {isa = PBXBuildFile; fileRef = 97A19E631D40C40F0096BAC8 /* IndexObjectCVC.m */; };
		97A19E751D40C8460096BAC8 /* KvoVC.m in Sources */ = {isa = PBXBuildFile; fileRef = 97A19E731D40C8460096BAC8 /* KvoVC.m */; };
		97A19E761D40C8460096BAC8 /* KvoVC.storyboard in Resources */ = {isa = PBXBuildFile; fileRef = 97A19E741D40C8460096BAC8 /* KvoVC.storyboard */; };
		97A19E791D40C8670096BAC8 /* Pruduct.m in Sources */ = {isa = PBXBuildFile; fileRef = 97A19E781D40C8670096BAC8 /* Pruduct.m */; };
/* End PBXBuildFile section */

/* Begin PBXFileReference section */
		972339EC1D406FEE00F6F380 /* DRJStudyDemo.app */ = {isa = PBXFileReference; explicitFileType = wrapper.application; includeInIndex = 0; path = DRJStudyDemo.app; sourceTree = BUILT_PRODUCTS_DIR; };
		972339F01D406FEE00F6F380 /* main.m */ = {isa = PBXFileReference; lastKnownFileType = sourcecode.c.objc; path = main.m; sourceTree = "<group>"; };
		972339F21D406FEE00F6F380 /* AppDelegate.h */ = {isa = PBXFileReference; lastKnownFileType = sourcecode.c.h; path = AppDelegate.h; sourceTree = "<group>"; };
		972339F31D406FEE00F6F380 /* AppDelegate.m */ = {isa = PBXFileReference; lastKnownFileType = sourcecode.c.objc; path = AppDelegate.m; sourceTree = "<group>"; };
		972339F51D406FEE00F6F380 /* IndexVC.h */ = {isa = PBXFileReference; lastKnownFileType = sourcecode.c.h; path = IndexVC.h; sourceTree = "<group>"; };
		972339F61D406FEE00F6F380 /* IndexVC.m */ = {isa = PBXFileReference; lastKnownFileType = sourcecode.c.objc; path = IndexVC.m; sourceTree = "<group>"; };
		972339F91D406FEE00F6F380 /* Base */ = {isa = PBXFileReference; lastKnownFileType = file.storyboard; name = Base; path = Base.lproj/Main.storyboard; sourceTree = "<group>"; };
		972339FB1D406FEE00F6F380 /* Assets.xcassets */ = {isa = PBXFileReference; lastKnownFileType = folder.assetcatalog; path = Assets.xcassets; sourceTree = "<group>"; };
		972339FE1D406FEE00F6F380 /* Base */ = {isa = PBXFileReference; lastKnownFileType = file.storyboard; name = Base; path = Base.lproj/LaunchScreen.storyboard; sourceTree = "<group>"; };
		97233A001D406FEE00F6F380 /* Info.plist */ = {isa = PBXFileReference; lastKnownFileType = text.plist.xml; path = Info.plist; sourceTree = "<group>"; };
		97A19E5A1D40C40F0096BAC8 /* BaseClass+Category.h */ = {isa = PBXFileReference; fileEncoding = 4; lastKnownFileType = sourcecode.c.h; path = "BaseClass+Category.h"; sourceTree = "<group>"; };
		97A19E5B1D40C40F0096BAC8 /* BaseClass+Category.m */ = {isa = PBXFileReference; fileEncoding = 4; lastKnownFileType = sourcecode.c.objc; path = "BaseClass+Category.m"; sourceTree = "<group>"; };
		97A19E5C1D40C40F0096BAC8 /* BaseClass.h */ = {isa = PBXFileReference; fileEncoding = 4; lastKnownFileType = sourcecode.c.h; path = BaseClass.h; sourceTree = "<group>"; };
		97A19E5D1D40C40F0096BAC8 /* BaseClass.m */ = {isa = PBXFileReference; fileEncoding = 4; lastKnownFileType = sourcecode.c.objc; path = BaseClass.m; sourceTree = "<group>"; };
		97A19E5F1D40C40F0096BAC8 /* CategoryVC.h */ = {isa = PBXFileReference; fileEncoding = 4; lastKnownFileType = sourcecode.c.h; path = CategoryVC.h; sourceTree = "<group>"; };
		97A19E601D40C40F0096BAC8 /* CategoryVC.m */ = {isa = PBXFileReference; fileEncoding = 4; lastKnownFileType = sourcecode.c.objc; path = CategoryVC.m; sourceTree = "<group>"; };
		97A19E611D40C40F0096BAC8 /* CategoryVC.storyboard */ = {isa = PBXFileReference; fileEncoding = 4; lastKnownFileType = file.storyboard; path = CategoryVC.storyboard; sourceTree = "<group>"; };
		97A19E621D40C40F0096BAC8 /* IndexObjectCVC.h */ = {isa = PBXFileReference; fileEncoding = 4; lastKnownFileType = sourcecode.c.h; path = IndexObjectCVC.h; sourceTree = "<group>"; };
		97A19E631D40C40F0096BAC8 /* IndexObjectCVC.m */ = {isa = PBXFileReference; fileEncoding = 4; lastKnownFileType = sourcecode.c.objc; path = IndexObjectCVC.m; sourceTree = "<group>"; };
		97A19E721D40C8460096BAC8 /* KvoVC.h */ = {isa = PBXFileReference; fileEncoding = 4; lastKnownFileType = sourcecode.c.h; path = KvoVC.h; sourceTree = "<group>"; };
		97A19E731D40C8460096BAC8 /* KvoVC.m */ = {isa = PBXFileReference; fileEncoding = 4; lastKnownFileType = sourcecode.c.objc; path = KvoVC.m; sourceTree = "<group>"; };
		97A19E741D40C8460096BAC8 /* KvoVC.storyboard */ = {isa = PBXFileReference; fileEncoding = 4; lastKnownFileType = file.storyboard; path = KvoVC.storyboard; sourceTree = "<group>"; };
		97A19E771D40C8670096BAC8 /* Pruduct.h */ = {isa = PBXFileReference; fileEncoding = 4; lastKnownFileType = sourcecode.c.h; path = Pruduct.h; sourceTree = "<group>"; };
		97A19E781D40C8670096BAC8 /* Pruduct.m */ = {isa = PBXFileReference; fileEncoding = 4; lastKnownFileType = sourcecode.c.objc; path = Pruduct.m; sourceTree = "<group>"; };
/* End PBXFileReference section */

/* Begin PBXFrameworksBuildPhase section */
		972339E91D406FEE00F6F380 /* Frameworks */ = {
			isa = PBXFrameworksBuildPhase;
			buildActionMask = 2147483647;
			files = (
			);
			runOnlyForDeploymentPostprocessing = 0;
		};
/* End PBXFrameworksBuildPhase section */

/* Begin PBXGroup section */
		972339E31D406FEE00F6F380 = {
			isa = PBXGroup;
			children = (
				972339EE1D406FEE00F6F380 /* DRJStudyDemo */,
				972339ED1D406FEE00F6F380 /* Products */,
			);
			sourceTree = "<group>";
		};
		972339ED1D406FEE00F6F380 /* Products */ = {
			isa = PBXGroup;
			children = (
				972339EC1D406FEE00F6F380 /* DRJStudyDemo.app */,
			);
			name = Products;
			sourceTree = "<group>";
		};
		972339EE1D406FEE00F6F380 /* DRJStudyDemo */ = {
			isa = PBXGroup;
			children = (
				97A19E581D40C40F0096BAC8 /* IndexObjectCVC */,
				972339F21D406FEE00F6F380 /* AppDelegate.h */,
				972339F31D406FEE00F6F380 /* AppDelegate.m */,
				972339F51D406FEE00F6F380 /* IndexVC.h */,
				972339F61D406FEE00F6F380 /* IndexVC.m */,
				972339F81D406FEE00F6F380 /* Main.storyboard */,
				972339FB1D406FEE00F6F380 /* Assets.xcassets */,
				972339FD1D406FEE00F6F380 /* LaunchScreen.storyboard */,
				97233A001D406FEE00F6F380 /* Info.plist */,
				972339EF1D406FEE00F6F380 /* Supporting Files */,
			);
			path = DRJStudyDemo;
			sourceTree = "<group>";
		};
		972339EF1D406FEE00F6F380 /* Supporting Files */ = {
			isa = PBXGroup;
			children = (
				972339F01D406FEE00F6F380 /* main.m */,
			);
			name = "Supporting Files";
			sourceTree = "<group>";
		};
		97A19E581D40C40F0096BAC8 /* IndexObjectCVC */ = {
			isa = PBXGroup;
			children = (
				97A19E701D40C8460096BAC8 /* KVO */,
				97A19E591D40C40F0096BAC8 /* Category */,
				97A19E621D40C40F0096BAC8 /* IndexObjectCVC.h */,
				97A19E631D40C40F0096BAC8 /* IndexObjectCVC.m */,
			);
			path = IndexObjectCVC;
			sourceTree = "<group>";
		};
		97A19E591D40C40F0096BAC8 /* Category */ = {
			isa = PBXGroup;
			children = (
				97A19E5A1D40C40F0096BAC8 /* BaseClass+Category.h */,
				97A19E5B1D40C40F0096BAC8 /* BaseClass+Category.m */,
				97A19E5C1D40C40F0096BAC8 /* BaseClass.h */,
				97A19E5D1D40C40F0096BAC8 /* BaseClass.m */,
				97A19E5E1D40C40F0096BAC8 /* CategoryVC */,
			);
			path = Category;
			sourceTree = "<group>";
		};
		97A19E5E1D40C40F0096BAC8 /* CategoryVC */ = {
			isa = PBXGroup;
			children = (
				97A19E5F1D40C40F0096BAC8 /* CategoryVC.h */,
				97A19E601D40C40F0096BAC8 /* CategoryVC.m */,
				97A19E611D40C40F0096BAC8 /* CategoryVC.storyboard */,
			);
			path = CategoryVC;
			sourceTree = "<group>";
		};
		97A19E701D40C8460096BAC8 /* KVO */ = {
			isa = PBXGroup;
			children = (
				97A19E711D40C8460096BAC8 /* KvoVC */,
				97A19E771D40C8670096BAC8 /* Pruduct.h */,
				97A19E781D40C8670096BAC8 /* Pruduct.m */,
			);
			path = KVO;
			sourceTree = "<group>";
		};
		97A19E711D40C8460096BAC8 /* KvoVC */ = {
			isa = PBXGroup;
			children = (
				97A19E721D40C8460096BAC8 /* KvoVC.h */,
				97A19E731D40C8460096BAC8 /* KvoVC.m */,
				97A19E741D40C8460096BAC8 /* KvoVC.storyboard */,
			);
			path = KvoVC;
			sourceTree = "<group>";
		};
/* End PBXGroup section */

/* Begin PBXNativeTarget section */
		972339EB1D406FEE00F6F380 /* DRJStudyDemo */ = {
			isa = PBXNativeTarget;
			buildConfigurationList = 97233A031D406FEE00F6F380 /* Build configuration list for PBXNativeTarget "DRJStudyDemo" */;
			buildPhases = (
				972339E81D406FEE00F6F380 /* Sources */,
				972339E91D406FEE00F6F380 /* Frameworks */,
				972339EA1D406FEE00F6F380 /* Resources */,
			);
			buildRules = (
			);
			dependencies = (
			);
			name = DRJStudyDemo;
			productName = DRJStudyDemo;
			productReference = 972339EC1D406FEE00F6F380 /* DRJStudyDemo.app */;
			productType = "com.apple.product-type.application";
		};
/* End PBXNativeTarget section */

/* Begin PBXProject section */
		972339E41D406FEE00F6F380 /* Project object */ = {
			isa = PBXProject;
			attributes = {
				LastUpgradeCheck = 0730;
				ORGANIZATIONNAME = Afmobi;
				TargetAttributes = {
					972339EB1D406FEE00F6F380 = {
						CreatedOnToolsVersion = 7.3;
					};
				};
			};
			buildConfigurationList = 972339E71D406FEE00F6F380 /* Build configuration list for PBXProject "DRJStudyDemo" */;
			compatibilityVersion = "Xcode 3.2";
			developmentRegion = English;
			hasScannedForEncodings = 0;
			knownRegions = (
				en,
				Base,
			);
			mainGroup = 972339E31D406FEE00F6F380;
			productRefGroup = 972339ED1D406FEE00F6F380 /* Products */;
			projectDirPath = "";
			projectRoot = "";
			targets = (
				972339EB1D406FEE00F6F380 /* DRJStudyDemo */,
			);
		};
/* End PBXProject section */

/* Begin PBXResourcesBuildPhase section */
		972339EA1D406FEE00F6F380 /* Resources */ = {
			isa = PBXResourcesBuildPhase;
			buildActionMask = 2147483647;
			files = (
				972339FF1D406FEE00F6F380 /* LaunchScreen.storyboard in Resources */,
				97A19E761D40C8460096BAC8 /* KvoVC.storyboard in Resources */,
				972339FC1D406FEE00F6F380 /* Assets.xcassets in Resources */,
				972339FA1D406FEE00F6F380 /* Main.storyboard in Resources */,
				97A19E671D40C40F0096BAC8 /* CategoryVC.storyboard in Resources */,
			);
			runOnlyForDeploymentPostprocessing = 0;
		};
/* End PBXResourcesBuildPhase section */

/* Begin PBXSourcesBuildPhase section */
		972339E81D406FEE00F6F380 /* Sources */ = {
			isa = PBXSourcesBuildPhase;
			buildActionMask = 2147483647;
			files = (
				97A19E681D40C40F0096BAC8 /* IndexObjectCVC.m in Sources */,
				972339F71D406FEE00F6F380 /* IndexVC.m in Sources */,
				97A19E641D40C40F0096BAC8 /* BaseClass+Category.m in Sources */,
				97A19E791D40C8670096BAC8 /* Pruduct.m in Sources */,
				97A19E751D40C8460096BAC8 /* KvoVC.m in Sources */,
				972339F41D406FEE00F6F380 /* AppDelegate.m in Sources */,
				97A19E651D40C40F0096BAC8 /* BaseClass.m in Sources */,
				97A19E661D40C40F0096BAC8 /* CategoryVC.m in Sources */,
				972339F11D406FEE00F6F380 /* main.m in Sources */,
			);
			runOnlyForDeploymentPostprocessing = 0;
		};
/* End PBXSourcesBuildPhase section */

/* Begin PBXVariantGroup section */
		972339F81D406FEE00F6F380 /* Main.storyboard */ = {
			isa = PBXVariantGroup;
			children = (
				972339F91D406FEE00F6F380 /* Base */,
			);
			name = Main.storyboard;
			sourceTree = "<group>";
		};
		972339FD1D406FEE00F6F380 /* LaunchScreen.storyboard */ = {
			isa = PBXVariantGroup;
			children = (
				972339FE1D406FEE00F6F380 /* Base */,
			);
			name = LaunchScreen.storyboard;
			sourceTree = "<group>";
		};
/* End PBXVariantGroup section */

/* Begin XCBuildConfiguration section */
		97233A011D406FEE00F6F380 /* Debug */ = {
			isa = XCBuildConfiguration;
			buildSettings = {
				ALWAYS_SEARCH_USER_PATHS = NO;
				CLANG_ANALYZER_NONNULL = YES;
				CLANG_CXX_LANGUAGE_STANDARD = "gnu++0x";
				CLANG_CXX_LIBRARY = "libc++";
				CLANG_ENABLE_MODULES = YES;
				CLANG_ENABLE_OBJC_ARC = YES;
				CLANG_WARN_BOOL_CONVERSION = YES;
				CLANG_WARN_CONSTANT_CONVERSION = YES;
				CLANG_WARN_DIRECT_OBJC_ISA_USAGE = YES_ERROR;
				CLANG_WARN_EMPTY_BODY = YES;
				CLANG_WARN_ENUM_CONVERSION = YES;
				CLANG_WARN_INT_CONVERSION = YES;
				CLANG_WARN_OBJC_ROOT_CLASS = YES_ERROR;
				CLANG_WARN_UNREACHABLE_CODE = YES;
				CLANG_WARN__DUPLICATE_METHOD_MATCH = YES;
				"CODE_SIGN_IDENTITY[sdk=iphoneos*]" = "iPhone Developer";
				COPY_PHASE_STRIP = NO;
				DEBUG_INFORMATION_FORMAT = dwarf;
				ENABLE_STRICT_OBJC_MSGSEND = YES;
				ENABLE_TESTABILITY = YES;
				GCC_C_LANGUAGE_STANDARD = gnu99;
				GCC_DYNAMIC_NO_PIC = NO;
				GCC_NO_COMMON_BLOCKS = YES;
				GCC_OPTIMIZATION_LEVEL = 0;
				GCC_PREPROCESSOR_DEFINITIONS = (
					"DEBUG=1",
					"$(inherited)",
				);
				GCC_WARN_64_TO_32_BIT_CONVERSION = YES;
				GCC_WARN_ABOUT_RETURN_TYPE = YES_ERROR;
				GCC_WARN_UNDECLARED_SELECTOR = YES;
				GCC_WARN_UNINITIALIZED_AUTOS = YES_AGGRESSIVE;
				GCC_WARN_UNUSED_FUNCTION = YES;
				GCC_WARN_UNUSED_VARIABLE = YES;
				IPHONEOS_DEPLOYMENT_TARGET = 9.3;
				MTL_ENABLE_DEBUG_INFO = YES;
				ONLY_ACTIVE_ARCH = YES;
				SDKROOT = iphoneos;
			};
			name = Debug;
		};
		97233A021D406FEE00F6F380 /* Release */ = {
			isa = XCBuildConfiguration;
			buildSettings = {
				ALWAYS_SEARCH_USER_PATHS = NO;
				CLANG_ANALYZER_NONNULL = YES;
				CLANG_CXX_LANGUAGE_STANDARD = "gnu++0x";
				CLANG_CXX_LIBRARY = "libc++";
				CLANG_ENABLE_MODULES = YES;
				CLANG_ENABLE_OBJC_ARC = YES;
				CLANG_WARN_BOOL_CONVERSION = YES;
				CLANG_WARN_CONSTANT_CONVERSION = YES;
				CLANG_WARN_DIRECT_OBJC_ISA_USAGE = YES_ERROR;
				CLANG_WARN_EMPTY_BODY = YES;
				CLANG_WARN_ENUM_CONVERSION = YES;
				CLANG_WARN_INT_CONVERSION = YES;
				CLANG_WARN_OBJC_ROOT_CLASS = YES_ERROR;
				CLANG_WARN_UNREACHABLE_CODE = YES;
				CLANG_WARN__DUPLICATE_METHOD_MATCH = YES;
				"CODE_SIGN_IDENTITY[sdk=iphoneos*]" = "iPhone Developer";
				COPY_PHASE_STRIP = NO;
				DEBUG_INFORMATION_FORMAT = "dwarf-with-dsym";
				ENABLE_NS_ASSERTIONS = NO;
				ENABLE_STRICT_OBJC_MSGSEND = YES;
				GCC_C_LANGUAGE_STANDARD = gnu99;
				GCC_NO_COMMON_BLOCKS = YES;
				GCC_WARN_64_TO_32_BIT_CONVERSION = YES;
				GCC_WARN_ABOUT_RETURN_TYPE = YES_ERROR;
				GCC_WARN_UNDECLARED_SELECTOR = YES;
				GCC_WARN_UNINITIALIZED_AUTOS = YES_AGGRESSIVE;
				GCC_WARN_UNUSED_FUNCTION = YES;
				GCC_WARN_UNUSED_VARIABLE = YES;
				IPHONEOS_DEPLOYMENT_TARGET = 9.3;
				MTL_ENABLE_DEBUG_INFO = NO;
				SDKROOT = iphoneos;
				VALIDATE_PRODUCT = YES;
			};
			name = Release;
		};
		97233A041D406FEE00F6F380 /* Debug */ = {
			isa = XCBuildConfiguration;
			buildSettings = {
				ASSETCATALOG_COMPILER_APPICON_NAME = AppIcon;
				INFOPLIST_FILE = DRJStudyDemo/Info.plist;
				LD_RUNPATH_SEARCH_PATHS = "$(inherited) @executable_path/Frameworks";
				PRODUCT_BUNDLE_IDENTIFIER = com.Afmobi.DRJStudyDemo;
				PRODUCT_NAME = "$(TARGET_NAME)";
			};
			name = Debug;
		};
		97233A051D406FEE00F6F380 /* Release */ = {
			isa = XCBuildConfiguration;
			buildSettings = {
				ASSETCATALOG_COMPILER_APPICON_NAME = AppIcon;
				INFOPLIST_FILE = DRJStudyDemo/Info.plist;
				LD_RUNPATH_SEARCH_PATHS = "$(inherited) @executable_path/Frameworks";
				PRODUCT_BUNDLE_IDENTIFIER = com.Afmobi.DRJStudyDemo;
				PRODUCT_NAME = "$(TARGET_NAME)";
			};
			name = Release;
		};
/* End XCBuildConfiguration section */

/* Begin XCConfigurationList section */
		972339E71D406FEE00F6F380 /* Build configuration list for PBXProject "DRJStudyDemo" */ = {
			isa = XCConfigurationList;
			buildConfigurations = (
				97233A011D406FEE00F6F380 /* Debug */,
				97233A021D406FEE00F6F380 /* Release */,
			);
			defaultConfigurationIsVisible = 0;
			defaultConfigurationName = Release;
		};
		97233A031D406FEE00F6F380 /* Build configuration list for PBXNativeTarget "DRJStudyDemo" */ = {
			isa = XCConfigurationList;
			buildConfigurations = (
				97233A041D406FEE00F6F380 /* Debug */,
				97233A051D406FEE00F6F380 /* Release */,
			);
			defaultConfigurationIsVisible = 0;
			defaultConfigurationName = Release;
		};
/* End XCConfigurationList section */
	};
	rootObject = 972339E41D406FEE00F6F380 /* Project object */;
}
